
Microsoft Visual Studio Solution File, Format Version 12.00
# Visual Studio 2012
Project("{FAE04EC0-301F-11D3-BF4B-00C04F79EFBC}") = "pEasyPrint", "pEasyPrint\pEasyPrint.csproj", "{B83BDF0B-874C-4B51-B932-4FE8D48F5890}"
EndProject
Project("{2150E333-8FDC-42A3-9474-1A3956D46DE8}") = ".nuget", ".nuget", "{A8F0A444-D81F-43BF-96A7-BDF220CE3028}"
	ProjectSection(SolutionItems) = preProject
		.nuget\NuGet.Config = .nuget\NuGet.Config
		.nuget\NuGet.exe = .nuget\NuGet.exe
		.nuget\NuGet.targets = .nuget\NuGet.targets
	EndProjectSection
EndProject
Project("{FAE04EC0-301F-11D3-BF4B-00C04F79EFBC}") = "Cryptor", "Cryptor\Cryptor.csproj", "{EB32F5C6-3A08-4090-93B3-17D05A95AAC6}"
EndProject
Global
	GlobalSection(SolutionConfigurationPlatforms) = preSolution
		Debug|Any CPU = Debug|Any CPU
		Release|Any CPU = Release|Any CPU
	EndGlobalSection
	GlobalSection(ProjectConfigurationPlatforms) = postSolution
		{B83BDF0B-874C-4B51-B932-4FE8D48F5890}.Debug|Any CPU.ActiveCfg = Debug|Any CPU
		{B83BDF0B-874C-4B51-B932-4FE8D48F5890}.Debug|Any CPU.Build.0 = Debug|Any CPU
		{B83BDF0B-874C-4B51-B932-4FE8D48F5890}.Release|Any CPU.ActiveCfg = Release|Any CPU
		{B83BDF0B-874C-4B51-B932-4FE8D48F5890}.Release|Any CPU.Build.0 = Release|Any CPU
		{EB32F5C6-3A08-4090-93B3-17D05A95AAC6}.Debug|Any CPU.ActiveCfg = Debug|Any CPU
		{EB32F5C6-3A08-4090-93B3-17D05A95AAC6}.Debug|Any CPU.Build.0 = Debug|Any CPU
		{EB32F5C6-3A08-4090-93B3-17D05A95AAC6}.Release|Any CPU.ActiveCfg = Release|Any CPU
		{EB32F5C6-3A08-4090-93B3-17D05A95AAC6}.Release|Any CPU.Build.0 = Release|Any CPU
	EndGlobalSection
	GlobalSection(SolutionProperties) = preSolution
		HideSolutionNode = FALSE
	EndGlobalSection
EndGlobal
